
Microsoft Visual Studio Solution File, Format Version 12.00
# Visual Studio Version 16
VisualStudioVersion = 16.0.29905.134
MinimumVisualStudioVersion = 10.0.40219.1
Project("{FAE04EC0-301F-11D3-BF4B-00C04F79EFBC}") = "ConsoleApp3", "ConsoleApp3\ConsoleApp3.csproj", "{F4132F34-8815-4FB9-B64A-C50D98C02A02}"
EndProject
Global
	GlobalSection(SolutionConfigurationPlatforms) = preSolution
		Debug|Any CPU = Debug|Any CPU
		Release|Any CPU = Release|Any CPU
	EndGlobalSection
	GlobalSection(ProjectConfigurationPlatforms) = postSolution
		{F4132F34-8815-4FB9-B64A-C50D98C02A02}.Debug|Any CPU.ActiveCfg = Debug|Any CPU
		{F4132F34-8815-4FB9-B64A-C50D98C02A02}.Debug|Any CPU.Build.0 = Debug|Any CPU
		{F4132F34-8815-4FB9-B64A-C50D98C02A02}.Release|Any CPU.ActiveCfg = Release|Any CPU
		{F4132F34-8815-4FB9-B64A-C50D98C02A02}.Release|Any CPU.Build.0 = Release|Any CPU
	EndGlobalSection
	GlobalSection(SolutionProperties) = preSolution
		HideSolutionNode = FALSE
	EndGlobalSection
	GlobalSection(ExtensibilityGlobals) = postSolution
		SolutionGuid = {72A1AC52-EA92-430E-9491-8243DB903B21}
	EndGlobalSection
EndGlobal
